
Microsoft Visual Studio Solution File, Format Version 12.00
# Visual Studio 2012
Project("{FAE04EC0-301F-11D3-BF4B-00C04F79EFBC}") = "Prolegis", "Prolegis\Prolegis.csproj", "{673C6607-7023-46B9-9538-6F69BAF3AFA0}"
	ProjectSection(ProjectDependencies) = postProject
		{B336CBA6-ECCF-4F19-8761-6E503C862729} = {B336CBA6-ECCF-4F19-8761-6E503C862729}
	EndProjectSection
EndProject
Project("{FAE04EC0-301F-11D3-BF4B-00C04F79EFBC}") = "Prolegis.Web", "Prolegis.Web\Prolegis.Web.csproj", "{B336CBA6-ECCF-4F19-8761-6E503C862729}"
EndProject
Global
	GlobalSection(SolutionConfigurationPlatforms) = preSolution
		Debug|Any CPU = Debug|Any CPU
		Release|Any CPU = Release|Any CPU
	EndGlobalSection
	GlobalSection(ProjectConfigurationPlatforms) = postSolution
		{673C6607-7023-46B9-9538-6F69BAF3AFA0}.Debug|Any CPU.ActiveCfg = Debug|Any CPU
		{673C6607-7023-46B9-9538-6F69BAF3AFA0}.Debug|Any CPU.Build.0 = Debug|Any CPU
		{673C6607-7023-46B9-9538-6F69BAF3AFA0}.Release|Any CPU.ActiveCfg = Release|Any CPU
		{673C6607-7023-46B9-9538-6F69BAF3AFA0}.Release|Any CPU.Build.0 = Release|Any CPU
		{B336CBA6-ECCF-4F19-8761-6E503C862729}.Debug|Any CPU.ActiveCfg = Debug|Any CPU
		{B336CBA6-ECCF-4F19-8761-6E503C862729}.Debug|Any CPU.Build.0 = Debug|Any CPU
		{B336CBA6-ECCF-4F19-8761-6E503C862729}.Release|Any CPU.ActiveCfg = Release|Any CPU
		{B336CBA6-ECCF-4F19-8761-6E503C862729}.Release|Any CPU.Build.0 = Release|Any CPU
	EndGlobalSection
	GlobalSection(SolutionProperties) = preSolution
		HideSolutionNode = FALSE
	EndGlobalSection
EndGlobal
